
Microsoft Visual Studio Solution File, Format Version 12.00
# Visual Studio 15
VisualStudioVersion = 15.0.26430.14
MinimumVisualStudioVersion = 10.0.40219.1
Project("{FAE04EC0-301F-11D3-BF4B-00C04F79EFBC}") = "Merge.Android", "Merge.Android\Merge.Android.csproj", "{AFDBF162-B898-4E04-B6FD-36D846C4A02D}"
EndProject
Project("{FAE04EC0-301F-11D3-BF4B-00C04F79EFBC}") = "Merge.iOS", "Merge.iOS\Merge.iOS.csproj", "{E573E8FD-34FF-416F-9826-38C6044E22C1}"
EndProject
Project("{FAE04EC0-301F-11D3-BF4B-00C04F79EFBC}") = "Merge Data Utility", "Merge Data Utility\Merge Data Utility.csproj", "{63560B7D-9FE7-42BF-B7A3-AB05BC64EAA9}"
EndProject
Project("{FAE04EC0-301F-11D3-BF4B-00C04F79EFBC}") = "MergeApi", "MergeApi\MergeApi.csproj", "{CD631983-99E5-4B2A-ADF5-2B85E8F94249}"
EndProject
Global
	GlobalSection(SolutionConfigurationPlatforms) = preSolution
		Ad-Hoc|Any CPU = Ad-Hoc|Any CPU
		Ad-Hoc|iPhone = Ad-Hoc|iPhone
		Ad-Hoc|iPhoneSimulator = Ad-Hoc|iPhoneSimulator
		AppStore|Any CPU = AppStore|Any CPU
		AppStore|iPhone = AppStore|iPhone
		AppStore|iPhoneSimulator = AppStore|iPhoneSimulator
		Debug|Any CPU = Debug|Any CPU
		Debug|iPhone = Debug|iPhone
		Debug|iPhoneSimulator = Debug|iPhoneSimulator
		Release|Any CPU = Release|Any CPU
		Release|iPhone = Release|iPhone
		Release|iPhoneSimulator = Release|iPhoneSimulator
	EndGlobalSection
	GlobalSection(ProjectConfigurationPlatforms) = postSolution
		{AFDBF162-B898-4E04-B6FD-36D846C4A02D}.Ad-Hoc|Any CPU.ActiveCfg = Release|Any CPU
		{AFDBF162-B898-4E04-B6FD-36D846C4A02D}.Ad-Hoc|Any CPU.Build.0 = Release|Any CPU
		{AFDBF162-B898-4E04-B6FD-36D846C4A02D}.Ad-Hoc|Any CPU.Deploy.0 = Release|Any CPU
		{AFDBF162-B898-4E04-B6FD-36D846C4A02D}.Ad-Hoc|iPhone.ActiveCfg = Release|Any CPU
		{AFDBF162-B898-4E04-B6FD-36D846C4A02D}.Ad-Hoc|iPhone.Build.0 = Release|Any CPU
		{AFDBF162-B898-4E04-B6FD-36D846C4A02D}.Ad-Hoc|iPhone.Deploy.0 = Release|Any CPU
		{AFDBF162-B898-4E04-B6FD-36D846C4A02D}.Ad-Hoc|iPhoneSimulator.ActiveCfg = Release|Any CPU
		{AFDBF162-B898-4E04-B6FD-36D846C4A02D}.Ad-Hoc|iPhoneSimulator.Build.0 = Release|Any CPU
		{AFDBF162-B898-4E04-B6FD-36D846C4A02D}.Ad-Hoc|iPhoneSimulator.Deploy.0 = Release|Any CPU
		{AFDBF162-B898-4E04-B6FD-36D846C4A02D}.AppStore|Any CPU.ActiveCfg = Release|Any CPU
		{AFDBF162-B898-4E04-B6FD-36D846C4A02D}.AppStore|Any CPU.Build.0 = Release|Any CPU
		{AFDBF162-B898-4E04-B6FD-36D846C4A02D}.AppStore|Any CPU.Deploy.0 = Release|Any CPU
		{AFDBF162-B898-4E04-B6FD-36D846C4A02D}.AppStore|iPhone.ActiveCfg = Release|Any CPU
		{AFDBF162-B898-4E04-B6FD-36D846C4A02D}.AppStore|iPhone.Build.0 = Release|Any CPU
		{AFDBF162-B898-4E04-B6FD-36D846C4A02D}.AppStore|iPhone.Deploy.0 = Release|Any CPU
		{AFDBF162-B898-4E04-B6FD-36D846C4A02D}.AppStore|iPhoneSimulator.ActiveCfg = Release|Any CPU
		{AFDBF162-B898-4E04-B6FD-36D846C4A02D}.AppStore|iPhoneSimulator.Build.0 = Release|Any CPU
		{AFDBF162-B898-4E04-B6FD-36D846C4A02D}.AppStore|iPhoneSimulator.Deploy.0 = Release|Any CPU
		{AFDBF162-B898-4E04-B6FD-36D846C4A02D}.Debug|Any CPU.ActiveCfg = Debug|Any CPU
		{AFDBF162-B898-4E04-B6FD-36D846C4A02D}.Debug|Any CPU.Build.0 = Debug|Any CPU
		{AFDBF162-B898-4E04-B6FD-36D846C4A02D}.Debug|Any CPU.Deploy.0 = Debug|Any CPU
		{AFDBF162-B898-4E04-B6FD-36D846C4A02D}.Debug|iPhone.ActiveCfg = Debug|Any CPU
		{AFDBF162-B898-4E04-B6FD-36D846C4A02D}.Debug|iPhone.Build.0 = Debug|Any CPU
		{AFDBF162-B898-4E04-B6FD-36D846C4A02D}.Debug|iPhone.Deploy.0 = Debug|Any CPU
		{AFDBF162-B898-4E04-B6FD-36D846C4A02D}.Debug|iPhoneSimulator.ActiveCfg = Debug|Any CPU
		{AFDBF162-B898-4E04-B6FD-36D846C4A02D}.Debug|iPhoneSimulator.Build.0 = Debug|Any CPU
		{AFDBF162-B898-4E04-B6FD-36D846C4A02D}.Debug|iPhoneSimulator.Deploy.0 = Debug|Any CPU
		{AFDBF162-B898-4E04-B6FD-36D846C4A02D}.Release|Any CPU.ActiveCfg = Release|Any CPU
		{AFDBF162-B898-4E04-B6FD-36D846C4A02D}.Release|Any CPU.Build.0 = Release|Any CPU
		{AFDBF162-B898-4E04-B6FD-36D846C4A02D}.Release|Any CPU.Deploy.0 = Release|Any CPU
		{AFDBF162-B898-4E04-B6FD-36D846C4A02D}.Release|iPhone.ActiveCfg = Release|Any CPU
		{AFDBF162-B898-4E04-B6FD-36D846C4A02D}.Release|iPhone.Build.0 = Release|Any CPU
		{AFDBF162-B898-4E04-B6FD-36D846C4A02D}.Release|iPhone.Deploy.0 = Release|Any CPU
		{AFDBF162-B898-4E04-B6FD-36D846C4A02D}.Release|iPhoneSimulator.ActiveCfg = Release|Any CPU
		{AFDBF162-B898-4E04-B6FD-36D846C4A02D}.Release|iPhoneSimulator.Build.0 = Release|Any CPU
		{AFDBF162-B898-4E04-B6FD-36D846C4A02D}.Release|iPhoneSimulator.Deploy.0 = Release|Any CPU
		{E573E8FD-34FF-416F-9826-38C6044E22C1}.Ad-Hoc|Any CPU.ActiveCfg = Ad-Hoc|iPhone
		{E573E8FD-34FF-416F-9826-38C6044E22C1}.Ad-Hoc|iPhone.ActiveCfg = Ad-Hoc|iPhone
		{E573E8FD-34FF-416F-9826-38C6044E22C1}.Ad-Hoc|iPhone.Build.0 = Ad-Hoc|iPhone
		{E573E8FD-34FF-416F-9826-38C6044E22C1}.Ad-Hoc|iPhoneSimulator.ActiveCfg = Ad-Hoc|iPhoneSimulator
		{E573E8FD-34FF-416F-9826-38C6044E22C1}.Ad-Hoc|iPhoneSimulator.Build.0 = Ad-Hoc|iPhoneSimulator
		{E573E8FD-34FF-416F-9826-38C6044E22C1}.AppStore|Any CPU.ActiveCfg = AppStore|iPhone
		{E573E8FD-34FF-416F-9826-38C6044E22C1}.AppStore|iPhone.ActiveCfg = AppStore|iPhone
		{E573E8FD-34FF-416F-9826-38C6044E22C1}.AppStore|iPhone.Build.0 = AppStore|iPhone
		{E573E8FD-34FF-416F-9826-38C6044E22C1}.AppStore|iPhoneSimulator.ActiveCfg = AppStore|iPhoneSimulator
		{E573E8FD-34FF-416F-9826-38C6044E22C1}.AppStore|iPhoneSimulator.Build.0 = AppStore|iPhoneSimulator
		{E573E8FD-34FF-416F-9826-38C6044E22C1}.Debug|Any CPU.ActiveCfg = Debug|iPhone
		{E573E8FD-34FF-416F-9826-38C6044E22C1}.Debug|iPhone.ActiveCfg = Debug|iPhone
		{E573E8FD-34FF-416F-9826-38C6044E22C1}.Debug|iPhone.Build.0 = Debug|iPhone
		{E573E8FD-34FF-416F-9826-38C6044E22C1}.Debug|iPhoneSimulator.ActiveCfg = Debug|iPhoneSimulator
		{E573E8FD-34FF-416F-9826-38C6044E22C1}.Debug|iPhoneSimulator.Build.0 = Debug|iPhoneSimulator
		{E573E8FD-34FF-416F-9826-38C6044E22C1}.Release|Any CPU.ActiveCfg = Release|iPhone
		{E573E8FD-34FF-416F-9826-38C6044E22C1}.Release|iPhone.ActiveCfg = Release|iPhone
		{E573E8FD-34FF-416F-9826-38C6044E22C1}.Release|iPhone.Build.0 = Release|iPhone
		{E573E8FD-34FF-416F-9826-38C6044E22C1}.Release|iPhoneSimulator.ActiveCfg = Release|iPhoneSimulator
		{E573E8FD-34FF-416F-9826-38C6044E22C1}.Release|iPhoneSimulator.Build.0 = Release|iPhoneSimulator
		{63560B7D-9FE7-42BF-B7A3-AB05BC64EAA9}.Ad-Hoc|Any CPU.ActiveCfg = Release|Any CPU
		{63560B7D-9FE7-42BF-B7A3-AB05BC64EAA9}.Ad-Hoc|Any CPU.Build.0 = Release|Any CPU
		{63560B7D-9FE7-42BF-B7A3-AB05BC64EAA9}.Ad-Hoc|iPhone.ActiveCfg = Release|Any CPU
		{63560B7D-9FE7-42BF-B7A3-AB05BC64EAA9}.Ad-Hoc|iPhone.Build.0 = Release|Any CPU
		{63560B7D-9FE7-42BF-B7A3-AB05BC64EAA9}.Ad-Hoc|iPhoneSimulator.ActiveCfg = Release|Any CPU
		{63560B7D-9FE7-42BF-B7A3-AB05BC64EAA9}.Ad-Hoc|iPhoneSimulator.Build.0 = Release|Any CPU
		{63560B7D-9FE7-42BF-B7A3-AB05BC64EAA9}.AppStore|Any CPU.ActiveCfg = Release|Any CPU
		{63560B7D-9FE7-42BF-B7A3-AB05BC64EAA9}.AppStore|Any CPU.Build.0 = Release|Any CPU
		{63560B7D-9FE7-42BF-B7A3-AB05BC64EAA9}.AppStore|iPhone.ActiveCfg = Release|Any CPU
		{63560B7D-9FE7-42BF-B7A3-AB05BC64EAA9}.AppStore|iPhone.Build.0 = Release|Any CPU
		{63560B7D-9FE7-42BF-B7A3-AB05BC64EAA9}.AppStore|iPhoneSimulator.ActiveCfg = Release|Any CPU
		{63560B7D-9FE7-42BF-B7A3-AB05BC64EAA9}.AppStore|iPhoneSimulator.Build.0 = Release|Any CPU
		{63560B7D-9FE7-42BF-B7A3-AB05BC64EAA9}.Debug|Any CPU.ActiveCfg = Debug|Any CPU
		{63560B7D-9FE7-42BF-B7A3-AB05BC64EAA9}.Debug|Any CPU.Build.0 = Debug|Any CPU
		{63560B7D-9FE7-42BF-B7A3-AB05BC64EAA9}.Debug|iPhone.ActiveCfg = Debug|Any CPU
		{63560B7D-9FE7-42BF-B7A3-AB05BC64EAA9}.Debug|iPhone.Build.0 = Debug|Any CPU
		{63560B7D-9FE7-42BF-B7A3-AB05BC64EAA9}.Debug|iPhoneSimulator.ActiveCfg = Debug|Any CPU
		{63560B7D-9FE7-42BF-B7A3-AB05BC64EAA9}.Debug|iPhoneSimulator.Build.0 = Debug|Any CPU
		{63560B7D-9FE7-42BF-B7A3-AB05BC64EAA9}.Release|Any CPU.ActiveCfg = Release|Any CPU
		{63560B7D-9FE7-42BF-B7A3-AB05BC64EAA9}.Release|Any CPU.Build.0 = Release|Any CPU
		{63560B7D-9FE7-42BF-B7A3-AB05BC64EAA9}.Release|iPhone.ActiveCfg = Release|Any CPU
		{63560B7D-9FE7-42BF-B7A3-AB05BC64EAA9}.Release|iPhone.Build.0 = Release|Any CPU
		{63560B7D-9FE7-42BF-B7A3-AB05BC64EAA9}.Release|iPhoneSimulator.ActiveCfg = Release|Any CPU
		{63560B7D-9FE7-42BF-B7A3-AB05BC64EAA9}.Release|iPhoneSimulator.Build.0 = Release|Any CPU
		{CD631983-99E5-4B2A-ADF5-2B85E8F94249}.Ad-Hoc|Any CPU.ActiveCfg = Release|Any CPU
		{CD631983-99E5-4B2A-ADF5-2B85E8F94249}.Ad-Hoc|Any CPU.Build.0 = Release|Any CPU
		{CD631983-99E5-4B2A-ADF5-2B85E8F94249}.Ad-Hoc|iPhone.ActiveCfg = Release|Any CPU
		{CD631983-99E5-4B2A-ADF5-2B85E8F94249}.Ad-Hoc|iPhone.Build.0 = Release|Any CPU
		{CD631983-99E5-4B2A-ADF5-2B85E8F94249}.Ad-Hoc|iPhoneSimulator.ActiveCfg = Release|Any CPU
		{CD631983-99E5-4B2A-ADF5-2B85E8F94249}.Ad-Hoc|iPhoneSimulator.Build.0 = Release|Any CPU
		{CD631983-99E5-4B2A-ADF5-2B85E8F94249}.AppStore|Any CPU.ActiveCfg = Release|Any CPU
		{CD631983-99E5-4B2A-ADF5-2B85E8F94249}.AppStore|Any CPU.Build.0 = Release|Any CPU
		{CD631983-99E5-4B2A-ADF5-2B85E8F94249}.AppStore|iPhone.ActiveCfg = Release|Any CPU
		{CD631983-99E5-4B2A-ADF5-2B85E8F94249}.AppStore|iPhone.Build.0 = Release|Any CPU
		{CD631983-99E5-4B2A-ADF5-2B85E8F94249}.AppStore|iPhoneSimulator.ActiveCfg = Release|Any CPU
		{CD631983-99E5-4B2A-ADF5-2B85E8F94249}.AppStore|iPhoneSimulator.Build.0 = Release|Any CPU
		{CD631983-99E5-4B2A-ADF5-2B85E8F94249}.Debug|Any CPU.ActiveCfg = Debug|Any CPU
		{CD631983-99E5-4B2A-ADF5-2B85E8F94249}.Debug|Any CPU.Build.0 = Debug|Any CPU
		{CD631983-99E5-4B2A-ADF5-2B85E8F94249}.Debug|iPhone.ActiveCfg = Debug|Any CPU
		{CD631983-99E5-4B2A-ADF5-2B85E8F94249}.Debug|iPhone.Build.0 = Debug|Any CPU
		{CD631983-99E5-4B2A-ADF5-2B85E8F94249}.Debug|iPhoneSimulator.ActiveCfg = Debug|Any CPU
		{CD631983-99E5-4B2A-ADF5-2B85E8F94249}.Debug|iPhoneSimulator.Build.0 = Debug|Any CPU
		{CD631983-99E5-4B2A-ADF5-2B85E8F94249}.Release|Any CPU.ActiveCfg = Release|Any CPU
		{CD631983-99E5-4B2A-ADF5-2B85E8F94249}.Release|Any CPU.Build.0 = Release|Any CPU
		{CD631983-99E5-4B2A-ADF5-2B85E8F94249}.Release|iPhone.ActiveCfg = Release|Any CPU
		{CD631983-99E5-4B2A-ADF5-2B85E8F94249}.Release|iPhone.Build.0 = Release|Any CPU
		{CD631983-99E5-4B2A-ADF5-2B85E8F94249}.Release|iPhoneSimulator.ActiveCfg = Release|Any CPU
		{CD631983-99E5-4B2A-ADF5-2B85E8F94249}.Release|iPhoneSimulator.Build.0 = Release|Any CPU
	EndGlobalSection
	GlobalSection(SolutionProperties) = preSolution
		HideSolutionNode = FALSE
	EndGlobalSection
EndGlobal
