
Microsoft Visual Studio Solution File, Format Version 12.00
# Visual Studio 15
VisualStudioVersion = 15.0.28307.438
MinimumVisualStudioVersion = 10.0.40219.1
Project("{FAE04EC0-301F-11D3-BF4B-00C04F79EFBC}") = "MergeApiStandard", "MergeApiStandard\MergeApiStandard.csproj", "{B9609BA6-E01A-44D5-89BF-B0D287C5B4E1}"
EndProject
Global
	GlobalSection(SolutionConfigurationPlatforms) = preSolution
		Debug|Any CPU = Debug|Any CPU
		Release|Any CPU = Release|Any CPU
	EndGlobalSection
	GlobalSection(ProjectConfigurationPlatforms) = postSolution
		{B9609BA6-E01A-44D5-89BF-B0D287C5B4E1}.Debug|Any CPU.ActiveCfg = Debug|Any CPU
		{B9609BA6-E01A-44D5-89BF-B0D287C5B4E1}.Debug|Any CPU.Build.0 = Debug|Any CPU
		{B9609BA6-E01A-44D5-89BF-B0D287C5B4E1}.Release|Any CPU.ActiveCfg = Release|Any CPU
		{B9609BA6-E01A-44D5-89BF-B0D287C5B4E1}.Release|Any CPU.Build.0 = Release|Any CPU
	EndGlobalSection
	GlobalSection(SolutionProperties) = preSolution
		HideSolutionNode = FALSE
	EndGlobalSection
	GlobalSection(ExtensibilityGlobals) = postSolution
		SolutionGuid = {E376389E-4389-4CF0-8BDC-49A8AACF75E5}
	EndGlobalSection
EndGlobal
